
Microsoft Visual Studio Solution File, Format Version 12.00
# Visual Studio Version 17
VisualStudioVersion = 17.10.34916.146
MinimumVisualStudioVersion = 10.0.40219.1
Project("{9A19103F-16F7-4668-BE54-9A1E7A4F7556}") = "Domain", "crs\Services\Idenitty\Domain\Domain.csproj", "{E8269C8F-88A9-46BC-AEEE-587E606FD420}"
EndProject
Project("{2150E333-8FDC-42A3-9474-1A3956D46DE8}") = "crs", "crs", "{8AE2E396-81D0-41E9-8453-90820BF14830}"
EndProject
Project("{2150E333-8FDC-42A3-9474-1A3956D46DE8}") = "Services", "Services", "{DDFF1676-0A29-4F95-8022-91695A3BB58A}"
EndProject
Project("{2150E333-8FDC-42A3-9474-1A3956D46DE8}") = "Idenitty", "Idenitty", "{55EB8D54-66A6-4E88-8480-E86E8D439AEC}"
EndProject
Project("{2150E333-8FDC-42A3-9474-1A3956D46DE8}") = "Common", "Common", "{EC7D6D34-FC6A-4AA3-A636-04DC9F7B5032}"
EndProject
Project("{9A19103F-16F7-4668-BE54-9A1E7A4F7556}") = "Contracts", "crs\Services\Common\Contracts\Contracts.csproj", "{2449DF4C-5EB4-4E46-82D7-0BCDF987EA63}"
EndProject
Project("{9A19103F-16F7-4668-BE54-9A1E7A4F7556}") = "Domain.Core", "crs\Services\Common\Cores\Domain.Core\Domain.Core.csproj", "{193FDD8D-EF2D-4CF1-B8EB-56C364DFB617}"
EndProject
Project("{2150E333-8FDC-42A3-9474-1A3956D46DE8}") = "Persistence", "Persistence", "{EEDB687C-E181-4E51-91D7-39B9893C16AF}"
EndProject
Project("{9A19103F-16F7-4668-BE54-9A1E7A4F7556}") = "Persistence.Query", "crs\Services\Idenitty\Persistence\Persistence.Query\Persistence.Query.csproj", "{8ECE609E-F5D8-4A54-AFB2-4C766C039A3A}"
EndProject
Project("{9A19103F-16F7-4668-BE54-9A1E7A4F7556}") = "Persistence.Command", "crs\Services\Idenitty\Persistence\Persistence.Command\Persistence.Command.csproj", "{CDB373D7-6422-4457-B23C-09687BD199EA}"
EndProject
Project("{2150E333-8FDC-42A3-9474-1A3956D46DE8}") = "Infrastructure", "Infrastructure", "{8407B9E9-3634-4AF9-9187-C87BEC8407CA}"
EndProject
Project("{9A19103F-16F7-4668-BE54-9A1E7A4F7556}") = "Application", "crs\Services\Idenitty\Application\Application.csproj", "{0D3CE682-F0DD-429F-8256-3D1EEB1EC63B}"
EndProject
Project("{9A19103F-16F7-4668-BE54-9A1E7A4F7556}") = "Presentation", "Presentation\Presentation.csproj", "{D67ECE66-E14C-4B46-9796-7498E7ABBC75}"
EndProject
Project("{FAE04EC0-301F-11D3-BF4B-00C04F79EFBC}") = "Api", "crs\Services\Idenitty\Api\Api.csproj", "{28E6D2C2-77C3-41F7-9E7B-9F27937AEC5F}"
EndProject
Global
	GlobalSection(SolutionConfigurationPlatforms) = preSolution
		Debug|Any CPU = Debug|Any CPU
		Release|Any CPU = Release|Any CPU
	EndGlobalSection
	GlobalSection(ProjectConfigurationPlatforms) = postSolution
		{E8269C8F-88A9-46BC-AEEE-587E606FD420}.Debug|Any CPU.ActiveCfg = Debug|Any CPU
		{E8269C8F-88A9-46BC-AEEE-587E606FD420}.Debug|Any CPU.Build.0 = Debug|Any CPU
		{E8269C8F-88A9-46BC-AEEE-587E606FD420}.Release|Any CPU.ActiveCfg = Release|Any CPU
		{E8269C8F-88A9-46BC-AEEE-587E606FD420}.Release|Any CPU.Build.0 = Release|Any CPU
		{2449DF4C-5EB4-4E46-82D7-0BCDF987EA63}.Debug|Any CPU.ActiveCfg = Debug|Any CPU
		{2449DF4C-5EB4-4E46-82D7-0BCDF987EA63}.Debug|Any CPU.Build.0 = Debug|Any CPU
		{2449DF4C-5EB4-4E46-82D7-0BCDF987EA63}.Release|Any CPU.ActiveCfg = Release|Any CPU
		{2449DF4C-5EB4-4E46-82D7-0BCDF987EA63}.Release|Any CPU.Build.0 = Release|Any CPU
		{193FDD8D-EF2D-4CF1-B8EB-56C364DFB617}.Debug|Any CPU.ActiveCfg = Debug|Any CPU
		{193FDD8D-EF2D-4CF1-B8EB-56C364DFB617}.Debug|Any CPU.Build.0 = Debug|Any CPU
		{193FDD8D-EF2D-4CF1-B8EB-56C364DFB617}.Release|Any CPU.ActiveCfg = Release|Any CPU
		{193FDD8D-EF2D-4CF1-B8EB-56C364DFB617}.Release|Any CPU.Build.0 = Release|Any CPU
		{8ECE609E-F5D8-4A54-AFB2-4C766C039A3A}.Debug|Any CPU.ActiveCfg = Debug|Any CPU
		{8ECE609E-F5D8-4A54-AFB2-4C766C039A3A}.Debug|Any CPU.Build.0 = Debug|Any CPU
		{8ECE609E-F5D8-4A54-AFB2-4C766C039A3A}.Release|Any CPU.ActiveCfg = Release|Any CPU
		{8ECE609E-F5D8-4A54-AFB2-4C766C039A3A}.Release|Any CPU.Build.0 = Release|Any CPU
		{CDB373D7-6422-4457-B23C-09687BD199EA}.Debug|Any CPU.ActiveCfg = Debug|Any CPU
		{CDB373D7-6422-4457-B23C-09687BD199EA}.Debug|Any CPU.Build.0 = Debug|Any CPU
		{CDB373D7-6422-4457-B23C-09687BD199EA}.Release|Any CPU.ActiveCfg = Release|Any CPU
		{CDB373D7-6422-4457-B23C-09687BD199EA}.Release|Any CPU.Build.0 = Release|Any CPU
		{0D3CE682-F0DD-429F-8256-3D1EEB1EC63B}.Debug|Any CPU.ActiveCfg = Debug|Any CPU
		{0D3CE682-F0DD-429F-8256-3D1EEB1EC63B}.Debug|Any CPU.Build.0 = Debug|Any CPU
		{0D3CE682-F0DD-429F-8256-3D1EEB1EC63B}.Release|Any CPU.ActiveCfg = Release|Any CPU
		{0D3CE682-F0DD-429F-8256-3D1EEB1EC63B}.Release|Any CPU.Build.0 = Release|Any CPU
		{D67ECE66-E14C-4B46-9796-7498E7ABBC75}.Debug|Any CPU.ActiveCfg = Debug|Any CPU
		{D67ECE66-E14C-4B46-9796-7498E7ABBC75}.Debug|Any CPU.Build.0 = Debug|Any CPU
		{D67ECE66-E14C-4B46-9796-7498E7ABBC75}.Release|Any CPU.ActiveCfg = Release|Any CPU
		{D67ECE66-E14C-4B46-9796-7498E7ABBC75}.Release|Any CPU.Build.0 = Release|Any CPU
		{28E6D2C2-77C3-41F7-9E7B-9F27937AEC5F}.Debug|Any CPU.ActiveCfg = Debug|Any CPU
		{28E6D2C2-77C3-41F7-9E7B-9F27937AEC5F}.Debug|Any CPU.Build.0 = Debug|Any CPU
		{28E6D2C2-77C3-41F7-9E7B-9F27937AEC5F}.Release|Any CPU.ActiveCfg = Release|Any CPU
		{28E6D2C2-77C3-41F7-9E7B-9F27937AEC5F}.Release|Any CPU.Build.0 = Release|Any CPU
	EndGlobalSection
	GlobalSection(SolutionProperties) = preSolution
		HideSolutionNode = FALSE
	EndGlobalSection
	GlobalSection(NestedProjects) = preSolution
		{E8269C8F-88A9-46BC-AEEE-587E606FD420} = {55EB8D54-66A6-4E88-8480-E86E8D439AEC}
		{DDFF1676-0A29-4F95-8022-91695A3BB58A} = {8AE2E396-81D0-41E9-8453-90820BF14830}
		{55EB8D54-66A6-4E88-8480-E86E8D439AEC} = {DDFF1676-0A29-4F95-8022-91695A3BB58A}
		{EC7D6D34-FC6A-4AA3-A636-04DC9F7B5032} = {DDFF1676-0A29-4F95-8022-91695A3BB58A}
		{2449DF4C-5EB4-4E46-82D7-0BCDF987EA63} = {EC7D6D34-FC6A-4AA3-A636-04DC9F7B5032}
		{193FDD8D-EF2D-4CF1-B8EB-56C364DFB617} = {EC7D6D34-FC6A-4AA3-A636-04DC9F7B5032}
		{EEDB687C-E181-4E51-91D7-39B9893C16AF} = {55EB8D54-66A6-4E88-8480-E86E8D439AEC}
		{8ECE609E-F5D8-4A54-AFB2-4C766C039A3A} = {EEDB687C-E181-4E51-91D7-39B9893C16AF}
		{CDB373D7-6422-4457-B23C-09687BD199EA} = {EEDB687C-E181-4E51-91D7-39B9893C16AF}
		{8407B9E9-3634-4AF9-9187-C87BEC8407CA} = {55EB8D54-66A6-4E88-8480-E86E8D439AEC}
		{0D3CE682-F0DD-429F-8256-3D1EEB1EC63B} = {55EB8D54-66A6-4E88-8480-E86E8D439AEC}
		{D67ECE66-E14C-4B46-9796-7498E7ABBC75} = {55EB8D54-66A6-4E88-8480-E86E8D439AEC}
		{28E6D2C2-77C3-41F7-9E7B-9F27937AEC5F} = {55EB8D54-66A6-4E88-8480-E86E8D439AEC}
	EndGlobalSection
	GlobalSection(ExtensibilityGlobals) = postSolution
		SolutionGuid = {53F37648-24E4-4AFD-925A-CCAB4F751414}
	EndGlobalSection
EndGlobal
